// !$*UTF8*$!
{
	archiveVersion = 1;
	classes = {
	};
	objectVersion = 55;
	objects = {

/* Begin PBXBuildFile section */
		D53ED7AC2BB0328B00ED4253 /* AppDelegate.swift in Sources */ = {isa = PBXBuildFile; fileRef = D53ED7AB2BB0328B00ED4253 /* AppDelegate.swift */; };
		D53ED7AE2BB0328B00ED4253 /* SceneDelegate.swift in Sources */ = {isa = PBXBuildFile; fileRef = D53ED7AD2BB0328B00ED4253 /* SceneDelegate.swift */; };
		D53ED7B02BB0328B00ED4253 /* ViewController.swift in Sources */ = {isa = PBXBuildFile; fileRef = D53ED7AF2BB0328B00ED4253 /* ViewController.swift */; };
		D53ED7B32BB0328B00ED4253 /* Main.storyboard in Resources */ = {isa = PBXBuildFile; fileRef = D53ED7B12BB0328B00ED4253 /* Main.storyboard */; };
		D53ED7B52BB0329300ED4253 /* Assets.xcassets in Resources */ = {isa = PBXBuildFile; fileRef = D53ED7B42BB0329300ED4253 /* Assets.xcassets */; };
		D53ED7B82BB0329300ED4253 /* LaunchScreen.storyboard in Resources */ = {isa = PBXBuildFile; fileRef = D53ED7B62BB0329300ED4253 /* LaunchScreen.storyboard */; };
		D53ED7D12BB08DA200ED4253 /* CustomError.swift in Sources */ = {isa = PBXBuildFile; fileRef = D53ED7D02BB08DA200ED4253 /* CustomError.swift */; };
		D53ED7FB2BB0C08200ED4253 /* OfferModel.swift in Sources */ = {isa = PBXBuildFile; fileRef = D53ED7FA2BB0C08200ED4253 /* OfferModel.swift */; };
		D53ED7FD2BB0DCD400ED4253 /* NetworkManager.swift in Sources */ = {isa = PBXBuildFile; fileRef = D53ED7FC2BB0DCD400ED4253 /* NetworkManager.swift */; };
		D53ED7FF2BB0E4CB00ED4253 /* ListOfferModel.swift in Sources */ = {isa = PBXBuildFile; fileRef = D53ED7FE2BB0E4CB00ED4253 /* ListOfferModel.swift */; };
		D53ED8012BB0E54600ED4253 /* MainOfferModel.swift in Sources */ = {isa = PBXBuildFile; fileRef = D53ED8002BB0E54600ED4253 /* MainOfferModel.swift */; };
		D53ED8062BB148B200ED4253 /* CityModel.swift in Sources */ = {isa = PBXBuildFile; fileRef = D53ED8052BB148B200ED4253 /* CityModel.swift */; };
		D53ED8082BB149C700ED4253 /* MainView.swift in Sources */ = {isa = PBXBuildFile; fileRef = D53ED8072BB149C700ED4253 /* MainView.swift */; };
		D53ED80B2BB1598300ED4253 /* CustomUITableViewCell.swift in Sources */ = {isa = PBXBuildFile; fileRef = D53ED80A2BB1598300ED4253 /* CustomUITableViewCell.swift */; };
		D5E2F8182BB174310037D00B /* Weather.swift in Sources */ = {isa = PBXBuildFile; fileRef = D5E2F8172BB174310037D00B /* Weather.swift */; };
		D5E2F81A2BB1746A0037D00B /* WeatherManager.swift in Sources */ = {isa = PBXBuildFile; fileRef = D5E2F8192BB1746A0037D00B /* WeatherManager.swift */; };
		D5E2F81D2BB1763A0037D00B /* WeatherViewController.swift in Sources */ = {isa = PBXBuildFile; fileRef = D5E2F81C2BB1763A0037D00B /* WeatherViewController.swift */; };
		D5E2F81F2BB1764B0037D00B /* WeatherAssembler.swift in Sources */ = {isa = PBXBuildFile; fileRef = D5E2F81E2BB1764B0037D00B /* WeatherAssembler.swift */; };
		D5E2F8212BB1765A0037D00B /* WeatherModel.swift in Sources */ = {isa = PBXBuildFile; fileRef = D5E2F8202BB1765A0037D00B /* WeatherModel.swift */; };
		D5E2F8232BB18AC00037D00B /* OfferModelForFeo.swift in Sources */ = {isa = PBXBuildFile; fileRef = D5E2F8222BB18ABF0037D00B /* OfferModelForFeo.swift */; };
		D5E2F8252BB18BCB0037D00B /* ListOfferModelForGeo.swift in Sources */ = {isa = PBXBuildFile; fileRef = D5E2F8242BB18BCB0037D00B /* ListOfferModelForGeo.swift */; };
		D5E2F8272BB19BD40037D00B /* OfferModelForGeoUp.swift in Sources */ = {isa = PBXBuildFile; fileRef = D5E2F8262BB19BD30037D00B /* OfferModelForGeoUp.swift */; };
		D5E2F82A2BB1CE520037D00B /* LocationManager.swift in Sources */ = {isa = PBXBuildFile; fileRef = D5E2F8292BB1CE520037D00B /* LocationManager.swift */; };
/* End PBXBuildFile section */

/* Begin PBXFileReference section */
		D53ED7A82BB0328B00ED4253 /* Intership_weather.app */ = {isa = PBXFileReference; explicitFileType = wrapper.application; includeInIndex = 0; path = Intership_weather.app; sourceTree = BUILT_PRODUCTS_DIR; };
		D53ED7AB2BB0328B00ED4253 /* AppDelegate.swift */ = {isa = PBXFileReference; lastKnownFileType = sourcecode.swift; path = AppDelegate.swift; sourceTree = "<group>"; };
		D53ED7AD2BB0328B00ED4253 /* SceneDelegate.swift */ = {isa = PBXFileReference; lastKnownFileType = sourcecode.swift; path = SceneDelegate.swift; sourceTree = "<group>"; };
		D53ED7AF2BB0328B00ED4253 /* ViewController.swift */ = {isa = PBXFileReference; lastKnownFileType = sourcecode.swift; path = ViewController.swift; sourceTree = "<group>"; };
		D53ED7B22BB0328B00ED4253 /* Base */ = {isa = PBXFileReference; lastKnownFileType = file.storyboard; name = Base; path = Base.lproj/Main.storyboard; sourceTree = "<group>"; };
		D53ED7B42BB0329300ED4253 /* Assets.xcassets */ = {isa = PBXFileReference; lastKnownFileType = folder.assetcatalog; path = Assets.xcassets; sourceTree = "<group>"; };
		D53ED7B72BB0329300ED4253 /* Base */ = {isa = PBXFileReference; lastKnownFileType = file.storyboard; name = Base; path = Base.lproj/LaunchScreen.storyboard; sourceTree = "<group>"; };
		D53ED7B92BB0329300ED4253 /* Info.plist */ = {isa = PBXFileReference; lastKnownFileType = text.plist.xml; path = Info.plist; sourceTree = "<group>"; };
		D53ED7D02BB08DA200ED4253 /* CustomError.swift */ = {isa = PBXFileReference; lastKnownFileType = sourcecode.swift; path = CustomError.swift; sourceTree = "<group>"; };
		D53ED7FA2BB0C08200ED4253 /* OfferModel.swift */ = {isa = PBXFileReference; lastKnownFileType = sourcecode.swift; path = OfferModel.swift; sourceTree = "<group>"; };
		D53ED7FC2BB0DCD400ED4253 /* NetworkManager.swift */ = {isa = PBXFileReference; lastKnownFileType = sourcecode.swift; path = NetworkManager.swift; sourceTree = "<group>"; };
		D53ED7FE2BB0E4CB00ED4253 /* ListOfferModel.swift */ = {isa = PBXFileReference; lastKnownFileType = sourcecode.swift; path = ListOfferModel.swift; sourceTree = "<group>"; };
		D53ED8002BB0E54600ED4253 /* MainOfferModel.swift */ = {isa = PBXFileReference; lastKnownFileType = sourcecode.swift; path = MainOfferModel.swift; sourceTree = "<group>"; };
		D53ED8052BB148B200ED4253 /* CityModel.swift */ = {isa = PBXFileReference; lastKnownFileType = sourcecode.swift; path = CityModel.swift; sourceTree = "<group>"; };
		D53ED8072BB149C700ED4253 /* MainView.swift */ = {isa = PBXFileReference; lastKnownFileType = sourcecode.swift; path = MainView.swift; sourceTree = "<group>"; };
		D53ED80A2BB1598300ED4253 /* CustomUITableViewCell.swift */ = {isa = PBXFileReference; lastKnownFileType = sourcecode.swift; path = CustomUITableViewCell.swift; sourceTree = "<group>"; };
		D5E2F8172BB174310037D00B /* Weather.swift */ = {isa = PBXFileReference; lastKnownFileType = sourcecode.swift; path = Weather.swift; sourceTree = "<group>"; };
		D5E2F8192BB1746A0037D00B /* WeatherManager.swift */ = {isa = PBXFileReference; lastKnownFileType = sourcecode.swift; path = WeatherManager.swift; sourceTree = "<group>"; };
		D5E2F81C2BB1763A0037D00B /* WeatherViewController.swift */ = {isa = PBXFileReference; lastKnownFileType = sourcecode.swift; path = WeatherViewController.swift; sourceTree = "<group>"; };
		D5E2F81E2BB1764B0037D00B /* WeatherAssembler.swift */ = {isa = PBXFileReference; lastKnownFileType = sourcecode.swift; path = WeatherAssembler.swift; sourceTree = "<group>"; };
		D5E2F8202BB1765A0037D00B /* WeatherModel.swift */ = {isa = PBXFileReference; lastKnownFileType = sourcecode.swift; path = WeatherModel.swift; sourceTree = "<group>"; };
		D5E2F8222BB18ABF0037D00B /* OfferModelForFeo.swift */ = {isa = PBXFileReference; lastKnownFileType = sourcecode.swift; path = OfferModelForFeo.swift; sourceTree = "<group>"; };
		D5E2F8242BB18BCB0037D00B /* ListOfferModelForGeo.swift */ = {isa = PBXFileReference; lastKnownFileType = sourcecode.swift; path = ListOfferModelForGeo.swift; sourceTree = "<group>"; };
		D5E2F8262BB19BD30037D00B /* OfferModelForGeoUp.swift */ = {isa = PBXFileReference; lastKnownFileType = sourcecode.swift; path = OfferModelForGeoUp.swift; sourceTree = "<group>"; };
		D5E2F8292BB1CE520037D00B /* LocationManager.swift */ = {isa = PBXFileReference; lastKnownFileType = sourcecode.swift; path = LocationManager.swift; sourceTree = "<group>"; };
/* End PBXFileReference section */

/* Begin PBXFrameworksBuildPhase section */
		D53ED7A52BB0328B00ED4253 /* Frameworks */ = {
			isa = PBXFrameworksBuildPhase;
			buildActionMask = 2147483647;
			files = (
			);
			runOnlyForDeploymentPostprocessing = 0;
		};
/* End PBXFrameworksBuildPhase section */

/* Begin PBXGroup section */
		D53ED79F2BB0328B00ED4253 = {
			isa = PBXGroup;
			children = (
				D53ED7AA2BB0328B00ED4253 /* Intership_weather */,
				D53ED7A92BB0328B00ED4253 /* Products */,
			);
			sourceTree = "<group>";
		};
		D53ED7A92BB0328B00ED4253 /* Products */ = {
			isa = PBXGroup;
			children = (
				D53ED7A82BB0328B00ED4253 /* Intership_weather.app */,
			);
			name = Products;
			sourceTree = "<group>";
		};
		D53ED7AA2BB0328B00ED4253 /* Intership_weather */ = {
			isa = PBXGroup;
			children = (
				D5E2F8282BB1CE3B0037D00B /* LocationManager */,
				D5E2F81B2BB176200037D00B /* WeatherScene */,
				D53ED8092BB1595900ED4253 /* UITableViewCell */,
				D53ED7F92BB0C06A00ED4253 /* OfferModel */,
				D53ED7F42BB0B7AD00ED4253 /* Entities */,
				D53ED7CF2BB08D8F00ED4253 /* Helpers */,
				D53ED7C92BB0896700ED4253 /* APIManagers */,
				D53ED7AB2BB0328B00ED4253 /* AppDelegate.swift */,
				D53ED7AD2BB0328B00ED4253 /* SceneDelegate.swift */,
				D53ED7AF2BB0328B00ED4253 /* ViewController.swift */,
				D53ED7B12BB0328B00ED4253 /* Main.storyboard */,
				D53ED7B42BB0329300ED4253 /* Assets.xcassets */,
				D53ED7B62BB0329300ED4253 /* LaunchScreen.storyboard */,
				D53ED7B92BB0329300ED4253 /* Info.plist */,
				D53ED8072BB149C700ED4253 /* MainView.swift */,
			);
			path = Intership_weather;
			sourceTree = "<group>";
		};
		D53ED7C92BB0896700ED4253 /* APIManagers */ = {
			isa = PBXGroup;
			children = (
				D53ED7FC2BB0DCD400ED4253 /* NetworkManager.swift */,
				D5E2F8192BB1746A0037D00B /* WeatherManager.swift */,
			);
			path = APIManagers;
			sourceTree = "<group>";
		};
		D53ED7CF2BB08D8F00ED4253 /* Helpers */ = {
			isa = PBXGroup;
			children = (
				D53ED7D02BB08DA200ED4253 /* CustomError.swift */,
			);
			path = Helpers;
			sourceTree = "<group>";
		};
		D53ED7F42BB0B7AD00ED4253 /* Entities */ = {
			isa = PBXGroup;
			children = (
				D5E2F8172BB174310037D00B /* Weather.swift */,
			);
			path = Entities;
			sourceTree = "<group>";
		};
		D53ED7F92BB0C06A00ED4253 /* OfferModel */ = {
			isa = PBXGroup;
			children = (
				D53ED7FA2BB0C08200ED4253 /* OfferModel.swift */,
				D53ED7FE2BB0E4CB00ED4253 /* ListOfferModel.swift */,
				D53ED8002BB0E54600ED4253 /* MainOfferModel.swift */,
				D53ED8052BB148B200ED4253 /* CityModel.swift */,
				D5E2F8222BB18ABF0037D00B /* OfferModelForFeo.swift */,
				D5E2F8242BB18BCB0037D00B /* ListOfferModelForGeo.swift */,
				D5E2F8262BB19BD30037D00B /* OfferModelForGeoUp.swift */,
			);
			path = OfferModel;
			sourceTree = "<group>";
		};
		D53ED8092BB1595900ED4253 /* UITableViewCell */ = {
			isa = PBXGroup;
			children = (
				D53ED80A2BB1598300ED4253 /* CustomUITableViewCell.swift */,
			);
			path = UITableViewCell;
			sourceTree = "<group>";
		};
		D5E2F81B2BB176200037D00B /* WeatherScene */ = {
			isa = PBXGroup;
			children = (
				D5E2F81C2BB1763A0037D00B /* WeatherViewController.swift */,
				D5E2F81E2BB1764B0037D00B /* WeatherAssembler.swift */,
				D5E2F8202BB1765A0037D00B /* WeatherModel.swift */,
			);
			path = WeatherScene;
			sourceTree = "<group>";
		};
		D5E2F8282BB1CE3B0037D00B /* LocationManager */ = {
			isa = PBXGroup;
			children = (
				D5E2F8292BB1CE520037D00B /* LocationManager.swift */,
			);
			path = LocationManager;
			sourceTree = "<group>";
		};
/* End PBXGroup section */

/* Begin PBXNativeTarget section */
		D53ED7A72BB0328B00ED4253 /* Intership_weather */ = {
			isa = PBXNativeTarget;
			buildConfigurationList = D53ED7BC2BB0329300ED4253 /* Build configuration list for PBXNativeTarget "Intership_weather" */;
			buildPhases = (
				D53ED7A42BB0328B00ED4253 /* Sources */,
				D53ED7A52BB0328B00ED4253 /* Frameworks */,
				D53ED7A62BB0328B00ED4253 /* Resources */,
			);
			buildRules = (
			);
			dependencies = (
			);
			name = Intership_weather;
			productName = Intership_weather;
			productReference = D53ED7A82BB0328B00ED4253 /* Intership_weather.app */;
			productType = "com.apple.product-type.application";
		};
/* End PBXNativeTarget section */

/* Begin PBXProject section */
		D53ED7A02BB0328B00ED4253 /* Project object */ = {
			isa = PBXProject;
			attributes = {
				BuildIndependentTargetsInParallel = 1;
				LastSwiftUpdateCheck = 1320;
				LastUpgradeCheck = 1320;
				TargetAttributes = {
					D53ED7A72BB0328B00ED4253 = {
						CreatedOnToolsVersion = 13.2.1;
					};
				};
			};
			buildConfigurationList = D53ED7A32BB0328B00ED4253 /* Build configuration list for PBXProject "Intership_weather" */;
			compatibilityVersion = "Xcode 13.0";
			developmentRegion = en;
			hasScannedForEncodings = 0;
			knownRegions = (
				en,
				Base,
			);
			mainGroup = D53ED79F2BB0328B00ED4253;
			productRefGroup = D53ED7A92BB0328B00ED4253 /* Products */;
			projectDirPath = "";
			projectRoot = "";
			targets = (
				D53ED7A72BB0328B00ED4253 /* Intership_weather */,
			);
		};
/* End PBXProject section */

/* Begin PBXResourcesBuildPhase section */
		D53ED7A62BB0328B00ED4253 /* Resources */ = {
			isa = PBXResourcesBuildPhase;
			buildActionMask = 2147483647;
			files = (
				D53ED7B82BB0329300ED4253 /* LaunchScreen.storyboard in Resources */,
				D53ED7B52BB0329300ED4253 /* Assets.xcassets in Resources */,
				D53ED7B32BB0328B00ED4253 /* Main.storyboard in Resources */,
			);
			runOnlyForDeploymentPostprocessing = 0;
		};
/* End PBXResourcesBuildPhase section */

/* Begin PBXSourcesBuildPhase section */
		D53ED7A42BB0328B00ED4253 /* Sources */ = {
			isa = PBXSourcesBuildPhase;
			buildActionMask = 2147483647;
			files = (
				D53ED7D12BB08DA200ED4253 /* CustomError.swift in Sources */,
				D53ED80B2BB1598300ED4253 /* CustomUITableViewCell.swift in Sources */,
				D5E2F81A2BB1746A0037D00B /* WeatherManager.swift in Sources */,
				D5E2F8272BB19BD40037D00B /* OfferModelForGeoUp.swift in Sources */,
				D53ED7FB2BB0C08200ED4253 /* OfferModel.swift in Sources */,
				D5E2F8182BB174310037D00B /* Weather.swift in Sources */,
				D53ED8012BB0E54600ED4253 /* MainOfferModel.swift in Sources */,
				D5E2F8252BB18BCB0037D00B /* ListOfferModelForGeo.swift in Sources */,
				D53ED7FD2BB0DCD400ED4253 /* NetworkManager.swift in Sources */,
				D5E2F8232BB18AC00037D00B /* OfferModelForFeo.swift in Sources */,
				D5E2F81F2BB1764B0037D00B /* WeatherAssembler.swift in Sources */,
				D53ED8062BB148B200ED4253 /* CityModel.swift in Sources */,
				D5E2F82A2BB1CE520037D00B /* LocationManager.swift in Sources */,
				D53ED7B02BB0328B00ED4253 /* ViewController.swift in Sources */,
				D53ED7FF2BB0E4CB00ED4253 /* ListOfferModel.swift in Sources */,
				D53ED7AC2BB0328B00ED4253 /* AppDelegate.swift in Sources */,
				D53ED8082BB149C700ED4253 /* MainView.swift in Sources */,
				D53ED7AE2BB0328B00ED4253 /* SceneDelegate.swift in Sources */,
				D5E2F8212BB1765A0037D00B /* WeatherModel.swift in Sources */,
				D5E2F81D2BB1763A0037D00B /* WeatherViewController.swift in Sources */,
			);
			runOnlyForDeploymentPostprocessing = 0;
		};
/* End PBXSourcesBuildPhase section */

/* Begin PBXVariantGroup section */
		D53ED7B12BB0328B00ED4253 /* Main.storyboard */ = {
			isa = PBXVariantGroup;
			children = (
				D53ED7B22BB0328B00ED4253 /* Base */,
			);
			name = Main.storyboard;
			sourceTree = "<group>";
		};
		D53ED7B62BB0329300ED4253 /* LaunchScreen.storyboard */ = {
			isa = PBXVariantGroup;
			children = (
				D53ED7B72BB0329300ED4253 /* Base */,
			);
			name = LaunchScreen.storyboard;
			sourceTree = "<group>";
		};
/* End PBXVariantGroup section */

/* Begin XCBuildConfiguration section */
		D53ED7BA2BB0329300ED4253 /* Debug */ = {
			isa = XCBuildConfiguration;
			buildSettings = {
				ALWAYS_SEARCH_USER_PATHS = NO;
				CLANG_ANALYZER_NONNULL = YES;
				CLANG_ANALYZER_NUMBER_OBJECT_CONVERSION = YES_AGGRESSIVE;
				CLANG_CXX_LANGUAGE_STANDARD = "gnu++17";
				CLANG_CXX_LIBRARY = "libc++";
				CLANG_ENABLE_MODULES = YES;
				CLANG_ENABLE_OBJC_ARC = YES;
				CLANG_ENABLE_OBJC_WEAK = YES;
				CLANG_WARN_BLOCK_CAPTURE_AUTORELEASING = YES;
				CLANG_WARN_BOOL_CONVERSION = YES;
				CLANG_WARN_COMMA = YES;
				CLANG_WARN_CONSTANT_CONVERSION = YES;
				CLANG_WARN_DEPRECATED_OBJC_IMPLEMENTATIONS = YES;
				CLANG_WARN_DIRECT_OBJC_ISA_USAGE = YES_ERROR;
				CLANG_WARN_DOCUMENTATION_COMMENTS = YES;
				CLANG_WARN_EMPTY_BODY = YES;
				CLANG_WARN_ENUM_CONVERSION = YES;
				CLANG_WARN_INFINITE_RECURSION = YES;
				CLANG_WARN_INT_CONVERSION = YES;
				CLANG_WARN_NON_LITERAL_NULL_CONVERSION = YES;
				CLANG_WARN_OBJC_IMPLICIT_RETAIN_SELF = YES;
				CLANG_WARN_OBJC_LITERAL_CONVERSION = YES;
				CLANG_WARN_OBJC_ROOT_CLASS = YES_ERROR;
				CLANG_WARN_QUOTED_INCLUDE_IN_FRAMEWORK_HEADER = YES;
				CLANG_WARN_RANGE_LOOP_ANALYSIS = YES;
				CLANG_WARN_STRICT_PROTOTYPES = YES;
				CLANG_WARN_SUSPICIOUS_MOVE = YES;
				CLANG_WARN_UNGUARDED_AVAILABILITY = YES_AGGRESSIVE;
				CLANG_WARN_UNREACHABLE_CODE = YES;
				CLANG_WARN__DUPLICATE_METHOD_MATCH = YES;
				COPY_PHASE_STRIP = NO;
				DEBUG_INFORMATION_FORMAT = dwarf;
				ENABLE_STRICT_OBJC_MSGSEND = YES;
				ENABLE_TESTABILITY = YES;
				GCC_C_LANGUAGE_STANDARD = gnu11;
				GCC_DYNAMIC_NO_PIC = NO;
				GCC_NO_COMMON_BLOCKS = YES;
				GCC_OPTIMIZATION_LEVEL = 0;
				GCC_PREPROCESSOR_DEFINITIONS = (
					"DEBUG=1",
					"$(inherited)",
				);
				GCC_WARN_64_TO_32_BIT_CONVERSION = YES;
				GCC_WARN_ABOUT_RETURN_TYPE = YES_ERROR;
				GCC_WARN_UNDECLARED_SELECTOR = YES;
				GCC_WARN_UNINITIALIZED_AUTOS = YES_AGGRESSIVE;
				GCC_WARN_UNUSED_FUNCTION = YES;
				GCC_WARN_UNUSED_VARIABLE = YES;
				IPHONEOS_DEPLOYMENT_TARGET = 15.2;
				MTL_ENABLE_DEBUG_INFO = INCLUDE_SOURCE;
				MTL_FAST_MATH = YES;
				ONLY_ACTIVE_ARCH = YES;
				SDKROOT = iphoneos;
				SWIFT_ACTIVE_COMPILATION_CONDITIONS = DEBUG;
				SWIFT_OPTIMIZATION_LEVEL = "-Onone";
			};
			name = Debug;
		};
		D53ED7BB2BB0329300ED4253 /* Release */ = {
			isa = XCBuildConfiguration;
			buildSettings = {
				ALWAYS_SEARCH_USER_PATHS = NO;
				CLANG_ANALYZER_NONNULL = YES;
				CLANG_ANALYZER_NUMBER_OBJECT_CONVERSION = YES_AGGRESSIVE;
				CLANG_CXX_LANGUAGE_STANDARD = "gnu++17";
				CLANG_CXX_LIBRARY = "libc++";
				CLANG_ENABLE_MODULES = YES;
				CLANG_ENABLE_OBJC_ARC = YES;
				CLANG_ENABLE_OBJC_WEAK = YES;
				CLANG_WARN_BLOCK_CAPTURE_AUTORELEASING = YES;
				CLANG_WARN_BOOL_CONVERSION = YES;
				CLANG_WARN_COMMA = YES;
				CLANG_WARN_CONSTANT_CONVERSION = YES;
				CLANG_WARN_DEPRECATED_OBJC_IMPLEMENTATIONS = YES;
				CLANG_WARN_DIRECT_OBJC_ISA_USAGE = YES_ERROR;
				CLANG_WARN_DOCUMENTATION_COMMENTS = YES;
				CLANG_WARN_EMPTY_BODY = YES;
				CLANG_WARN_ENUM_CONVERSION = YES;
				CLANG_WARN_INFINITE_RECURSION = YES;
				CLANG_WARN_INT_CONVERSION = YES;
				CLANG_WARN_NON_LITERAL_NULL_CONVERSION = YES;
				CLANG_WARN_OBJC_IMPLICIT_RETAIN_SELF = YES;
				CLANG_WARN_OBJC_LITERAL_CONVERSION = YES;
				CLANG_WARN_OBJC_ROOT_CLASS = YES_ERROR;
				CLANG_WARN_QUOTED_INCLUDE_IN_FRAMEWORK_HEADER = YES;
				CLANG_WARN_RANGE_LOOP_ANALYSIS = YES;
				CLANG_WARN_STRICT_PROTOTYPES = YES;
				CLANG_WARN_SUSPICIOUS_MOVE = YES;
				CLANG_WARN_UNGUARDED_AVAILABILITY = YES_AGGRESSIVE;
				CLANG_WARN_UNREACHABLE_CODE = YES;
				CLANG_WARN__DUPLICATE_METHOD_MATCH = YES;
				COPY_PHASE_STRIP = NO;
				DEBUG_INFORMATION_FORMAT = "dwarf-with-dsym";
				ENABLE_NS_ASSERTIONS = NO;
				ENABLE_STRICT_OBJC_MSGSEND = YES;
				GCC_C_LANGUAGE_STANDARD = gnu11;
				GCC_NO_COMMON_BLOCKS = YES;
				GCC_WARN_64_TO_32_BIT_CONVERSION = YES;
				GCC_WARN_ABOUT_RETURN_TYPE = YES_ERROR;
				GCC_WARN_UNDECLARED_SELECTOR = YES;
				GCC_WARN_UNINITIALIZED_AUTOS = YES_AGGRESSIVE;
				GCC_WARN_UNUSED_FUNCTION = YES;
				GCC_WARN_UNUSED_VARIABLE = YES;
				IPHONEOS_DEPLOYMENT_TARGET = 15.2;
				MTL_ENABLE_DEBUG_INFO = NO;
				MTL_FAST_MATH = YES;
				SDKROOT = iphoneos;
				SWIFT_COMPILATION_MODE = wholemodule;
				SWIFT_OPTIMIZATION_LEVEL = "-O";
				VALIDATE_PRODUCT = YES;
			};
			name = Release;
		};
		D53ED7BD2BB0329300ED4253 /* Debug */ = {
			isa = XCBuildConfiguration;
			buildSettings = {
				ASSETCATALOG_COMPILER_APPICON_NAME = AppIcon;
				ASSETCATALOG_COMPILER_GLOBAL_ACCENT_COLOR_NAME = AccentColor;
				CODE_SIGN_STYLE = Automatic;
				CURRENT_PROJECT_VERSION = 1;
				DEVELOPMENT_TEAM = K6V8SBQC43;
				GENERATE_INFOPLIST_FILE = YES;
				INFOPLIST_FILE = Intership_weather/Info.plist;
				INFOPLIST_KEY_UIApplicationSupportsIndirectInputEvents = YES;
				INFOPLIST_KEY_UILaunchStoryboardName = LaunchScreen;
				INFOPLIST_KEY_UIMainStoryboardFile = Main;
				INFOPLIST_KEY_UISupportedInterfaceOrientations_iPad = "UIInterfaceOrientationPortrait UIInterfaceOrientationPortraitUpsideDown UIInterfaceOrientationLandscapeLeft UIInterfaceOrientationLandscapeRight";
				INFOPLIST_KEY_UISupportedInterfaceOrientations_iPhone = "UIInterfaceOrientationPortrait UIInterfaceOrientationLandscapeLeft UIInterfaceOrientationLandscapeRight";
				LD_RUNPATH_SEARCH_PATHS = (
					"$(inherited)",
					"@executable_path/Frameworks",
				);
				MARKETING_VERSION = 1.0;
				PRODUCT_BUNDLE_IDENTIFIER = "ru.weather.Intership-weather";
				PRODUCT_NAME = "$(TARGET_NAME)";
				SWIFT_EMIT_LOC_STRINGS = YES;
				SWIFT_VERSION = 5.0;
				TARGETED_DEVICE_FAMILY = "1,2";
			};
			name = Debug;
		};
		D53ED7BE2BB0329300ED4253 /* Release */ = {
			isa = XCBuildConfiguration;
			buildSettings = {
				ASSETCATALOG_COMPILER_APPICON_NAME = AppIcon;
				ASSETCATALOG_COMPILER_GLOBAL_ACCENT_COLOR_NAME = AccentColor;
				CODE_SIGN_STYLE = Automatic;
				CURRENT_PROJECT_VERSION = 1;
				DEVELOPMENT_TEAM = K6V8SBQC43;
				GENERATE_INFOPLIST_FILE = YES;
				INFOPLIST_FILE = Intership_weather/Info.plist;
				INFOPLIST_KEY_UIApplicationSupportsIndirectInputEvents = YES;
				INFOPLIST_KEY_UILaunchStoryboardName = LaunchScreen;
				INFOPLIST_KEY_UIMainStoryboardFile = Main;
				INFOPLIST_KEY_UISupportedInterfaceOrientations_iPad = "UIInterfaceOrientationPortrait UIInterfaceOrientationPortraitUpsideDown UIInterfaceOrientationLandscapeLeft UIInterfaceOrientationLandscapeRight";
				INFOPLIST_KEY_UISupportedInterfaceOrientations_iPhone = "UIInterfaceOrientationPortrait UIInterfaceOrientationLandscapeLeft UIInterfaceOrientationLandscapeRight";
				LD_RUNPATH_SEARCH_PATHS = (
					"$(inherited)",
					"@executable_path/Frameworks",
				);
				MARKETING_VERSION = 1.0;
				PRODUCT_BUNDLE_IDENTIFIER = "ru.weather.Intership-weather";
				PRODUCT_NAME = "$(TARGET_NAME)";
				SWIFT_EMIT_LOC_STRINGS = YES;
				SWIFT_VERSION = 5.0;
				TARGETED_DEVICE_FAMILY = "1,2";
			};
			name = Release;
		};
/* End XCBuildConfiguration section */

/* Begin XCConfigurationList section */
		D53ED7A32BB0328B00ED4253 /* Build configuration list for PBXProject "Intership_weather" */ = {
			isa = XCConfigurationList;
			buildConfigurations = (
				D53ED7BA2BB0329300ED4253 /* Debug */,
				D53ED7BB2BB0329300ED4253 /* Release */,
			);
			defaultConfigurationIsVisible = 0;
			defaultConfigurationName = Release;
		};
		D53ED7BC2BB0329300ED4253 /* Build configuration list for PBXNativeTarget "Intership_weather" */ = {
			isa = XCConfigurationList;
			buildConfigurations = (
				D53ED7BD2BB0329300ED4253 /* Debug */,
				D53ED7BE2BB0329300ED4253 /* Release */,
			);
			defaultConfigurationIsVisible = 0;
			defaultConfigurationName = Release;
		};
/* End XCConfigurationList section */
	};
	rootObject = D53ED7A02BB0328B00ED4253 /* Project object */;
}
